
Microsoft Visual Studio Solution File, Format Version 12.00
# Visual Studio Version 17
VisualStudioVersion = 17.12.35527.113 d17.12
MinimumVisualStudioVersion = 10.0.40219.1
Project("{FAE04EC0-301F-11D3-BF4B-00C04F79EFBC}") = "Devoir_maison_Youssef_benslimane", "Devoir_maison_Youssef_benslimane.csproj", "{3EF38242-9B75-44D4-85BF-28C4861C4BFE}"
EndProject
Global
	GlobalSection(SolutionConfigurationPlatforms) = preSolution
		Debug|Any CPU = Debug|Any CPU
		Release|Any CPU = Release|Any CPU
	EndGlobalSection
	GlobalSection(ProjectConfigurationPlatforms) = postSolution
		{3EF38242-9B75-44D4-85BF-28C4861C4BFE}.Debug|Any CPU.ActiveCfg = Debug|Any CPU
		{3EF38242-9B75-44D4-85BF-28C4861C4BFE}.Debug|Any CPU.Build.0 = Debug|Any CPU
		{3EF38242-9B75-44D4-85BF-28C4861C4BFE}.Release|Any CPU.ActiveCfg = Release|Any CPU
		{3EF38242-9B75-44D4-85BF-28C4861C4BFE}.Release|Any CPU.Build.0 = Release|Any CPU
	EndGlobalSection
	GlobalSection(SolutionProperties) = preSolution
		HideSolutionNode = FALSE
	EndGlobalSection
EndGlobal
